{
  "version": 4,
  "terraform_version": "1.1.5",
  "serial": 13,
  "lineage": "919c76fb-c1ba-61ae-08d0-a5067e73967d",
  "outputs": {
    "external_ip_address_node01_yandex_cloud": {
      "value": "62.84.124.71",
      "type": "string"
    },
    "internal_ip_address_node01_yandex_cloud": {
      "value": "192.168.101.24",
      "type": "string"
    }
  },
  "resources": [
    {
      "mode": "managed",
      "type": "yandex_compute_instance",
      "name": "node01",
      "provider": "provider[\"registry.terraform.io/yandex-cloud/yandex\"]",
      "instances": [
        {
          "schema_version": 1,
          "attributes": {
            "allow_stopping_for_update": true,
            "boot_disk": [
              {
                "auto_delete": true,
                "device_name": "fhmbbgj9cggmnclllncb",
                "disk_id": "fhmbbgj9cggmnclllncb",
                "initialize_params": [
                  {
                    "block_size": 4096,
                    "description": "",
                    "image_id": "fd8cp9oofb7nmn29jfcp",
                    "name": "root-node01",
                    "size": 50,
                    "snapshot_id": "",
                    "type": "network-ssd"
                  }
                ],
                "mode": "READ_WRITE"
              }
            ],
            "created_at": "2022-02-16T18:12:46Z",
            "description": "",
            "folder_id": "b1gtp2cog4lf9jgalt0p",
            "fqdn": "node01.netology.cloud",
            "hostname": "node01",
            "id": "fhmtvqn5pvqrbdr44aad",
            "labels": null,
            "metadata": {
              "ssh-keys": "centos:ssh-rsa AAAAB3NzaC1yc2EAAAADAQABAAABgQDcGllXOZh1rEQngHA1EiUDvuFlIG9JsBRwanH7ABP77mVqQanURIeYs1vC8WL0wzLlNGcAscn6+J/im33pxMZShIlnCQRNkz76q5y9GniMTvXUt501q3n4ZpaSC68SoK8FcWBkLW1VAl1Y57Ol0iRhaZA2AYH6Z1PTfCT4FiBRWuhLSWVmzYYg7ibziZGbW9W9wdBn+eoIayKIZ+TstommzLrNeiMBveF5u5EQso/jITdgIbBBU8gsj9af7Q4Mhu61NnDcmypcAGFE3DvVTMJEH9e+ArnYhSQS37h4sM0eRD7p6cjZRW7yjj4IG2w+aMbikpF/rdw+cRRlsqjmOvQKVO+yN7cQan2BRZIHhHLZKMrQO25U5xw2GX7mOJBt9EHSOAEcfiPR41ZNBi6B5IOWz2DVKL8qVC+ufNApIerdROSlP/sYqt/nWe9ch2qTmrbwS+Fvb9LfAT6D8ZCjE60b33I3DqBrbYH1ZkMlbOHmXHj7G6gjNDjdcAsveKwMgaU= dgolodnikov@DESKTOP-V4JG0DR\n"
            },
            "name": "node01",
            "network_acceleration_type": "standard",
            "network_interface": [
              {
                "dns_record": [],
                "index": 0,
                "ip_address": "192.168.101.24",
                "ipv4": true,
                "ipv6": false,
                "ipv6_address": "",
                "ipv6_dns_record": [],
                "mac_address": "d0:0d:1d:fe:ae:5c",
                "nat": true,
                "nat_dns_record": [],
                "nat_ip_address": "62.84.124.71",
                "nat_ip_version": "IPV4",
                "security_group_ids": [],
                "subnet_id": "e9btlsaccubsfh55ntk0"
              }
            ],
            "placement_policy": [
              {
                "placement_group_id": ""
              }
            ],
            "platform_id": "standard-v1",
            "resources": [
              {
                "core_fraction": 100,
                "cores": 8,
                "gpus": 0,
                "memory": 8
              }
            ],
            "scheduling_policy": [
              {
                "preemptible": false
              }
            ],
            "secondary_disk": [],
            "service_account_id": "",
            "status": "running",
            "timeouts": null,
            "zone": "ru-central1-a"
          },
          "sensitive_attributes": [],
          "private": "eyJlMmJmYjczMC1lY2FhLTExZTYtOGY4OC0zNDM2M2JjN2M0YzAiOnsiY3JlYXRlIjozMDAwMDAwMDAwMDAsImRlbGV0ZSI6MzAwMDAwMDAwMDAwLCJ1cGRhdGUiOjMwMDAwMDAwMDAwMH0sInNjaGVtYV92ZXJzaW9uIjoiMSJ9",
          "dependencies": [
            "yandex_vpc_network.default",
            "yandex_vpc_subnet.default"
          ]
        }
      ]
    },
    {
      "mode": "managed",
      "type": "yandex_vpc_network",
      "name": "default",
      "provider": "provider[\"registry.terraform.io/yandex-cloud/yandex\"]",
      "instances": [
        {
          "schema_version": 0,
          "attributes": {
            "created_at": "2022-02-16T18:12:44Z",
            "default_security_group_id": "",
            "description": "",
            "folder_id": "b1gtp2cog4lf9jgalt0p",
            "id": "enpmnufjjmd2uqej39u9",
            "labels": {},
            "name": "net",
            "subnet_ids": [],
            "timeouts": null
          },
          "sensitive_attributes": [],
          "private": "eyJlMmJmYjczMC1lY2FhLTExZTYtOGY4OC0zNDM2M2JjN2M0YzAiOnsiY3JlYXRlIjo2MDAwMDAwMDAwMCwiZGVsZXRlIjo2MDAwMDAwMDAwMCwidXBkYXRlIjo2MDAwMDAwMDAwMH19"
        }
      ]
    },
    {
      "mode": "managed",
      "type": "yandex_vpc_subnet",
      "name": "default",
      "provider": "provider[\"registry.terraform.io/yandex-cloud/yandex\"]",
      "instances": [
        {
          "schema_version": 0,
          "attributes": {
            "created_at": "2022-02-16T18:12:45Z",
            "description": "",
            "dhcp_options": [],
            "folder_id": "b1gtp2cog4lf9jgalt0p",
            "id": "e9btlsaccubsfh55ntk0",
            "labels": {},
            "name": "subnet",
            "network_id": "enpmnufjjmd2uqej39u9",
            "route_table_id": "",
            "timeouts": null,
            "v4_cidr_blocks": [
              "192.168.101.0/24"
            ],
            "v6_cidr_blocks": [],
            "zone": "ru-central1-a"
          },
          "sensitive_attributes": [],
          "private": "eyJlMmJmYjczMC1lY2FhLTExZTYtOGY4OC0zNDM2M2JjN2M0YzAiOnsiY3JlYXRlIjoxODAwMDAwMDAwMDAsImRlbGV0ZSI6MTgwMDAwMDAwMDAwLCJ1cGRhdGUiOjE4MDAwMDAwMDAwMH19",
          "dependencies": [
            "yandex_vpc_network.default"
          ]
        }
      ]
    }
  ]
}
