{
  "version": 4,
  "terraform_version": "1.2.6",
  "serial": 5,
  "lineage": "f202ecb9-e2b6-6a3c-012c-b03d025abb72",
  "outputs": {
    "external_ip_address_vm_1": {
      "value": "51.250.93.247",
      "type": "string"
    },
    "external_ip_address_vm_2": {
      "value": "51.250.90.51",
      "type": "string"
    },
    "internal_ip_address_vm_1": {
      "value": "192.168.250.12",
      "type": "string"
    },
    "internal_ip_address_vm_2": {
      "value": "192.168.250.29",
      "type": "string"
    },
    "network_vm": {
      "value": "enpnfb86bg5etvelldvm",
      "type": "string"
    },
    "subnet_vm": {
      "value": "e9b4tljeg8grds7nuomt",
      "type": "string"
    }
  },
  "resources": [
    {
      "mode": "managed",
      "type": "yandex_compute_instance",
      "name": "vm-1",
      "provider": "provider[\"terraform-registry.storage.yandexcloud.net/yandex-cloud/yandex\"]",
      "instances": [
        {
          "schema_version": 1,
          "attributes": {
            "allow_stopping_for_update": null,
            "boot_disk": [
              {
                "auto_delete": true,
                "device_name": "fhm9n4g67le0rdhd8abs",
                "disk_id": "fhm9n4g67le0rdhd8abs",
                "initialize_params": [
                  {
                    "block_size": 4096,
                    "description": "",
                    "image_id": "fd88d14a6790do254kj7",
                    "name": "",
                    "size": 12,
                    "snapshot_id": "",
                    "type": "network-hdd"
                  }
                ],
                "mode": "READ_WRITE"
              }
            ],
            "created_at": "2022-08-17T04:25:45Z",
            "description": "",
            "folder_id": "b1gtp2cog4lf9jgalt0p",
            "fqdn": "fhmv630j31qtbthejcok.auto.internal",
            "hostname": "fhmv630j31qtbthejcok",
            "id": "fhmv630j31qtbthejcok",
            "labels": null,
            "metadata": {
              "user-data": "#cloud-config\nusers:\n  - name: vagrant \n    groups: sudo\n    shell: /bin/bash\n    sudo: ['ALL=(ALL) NOPASSWD:ALL']\n    ssh-authorized-keys: [ssh-rsa AAAAB3NzaC1yc2EAAAADAQABAAABgQCdvi+ZZ9k2cVHdXQrDVOFoXaczOdAf+t/bEz83q9tKakAhRL4p72T/+T+8FgVoewk75rj8Bxsn4APXLOab3DgICR1n9UFkpLM/EnrYludwycNp1FlKBByRwsPvPRCvJb2P+K7XzZMq7GSGp+8voEPwkMeYkHoB1Y+N5qLBkCwww3h9jbwQ+dpFe4IvbBwojESbhS1C9lvtQo2MtqQug+ppaO/+laFJpl2DugI56A5G5jClALxmf6bGRINS+g+//5JV9UWMX7nk7MU0KC1Q2YyU0fXzGz8hylKDSz6y25BnzW3bsBrqBZ1FNA2vy39FmUYxpgCG0DpgqL4seTshUm5QVMp14BFHBofbWjAM4w2/exZrjKUn2RVpOMme2GGKxzmY1lWG3rC1W8dnxgY4LUCHkwbhwf1hR7nxhuPkdjp586Y+cKTJrEvnDCZ13QnQR02dOETGVTf2+CFBAZAHCtrxAEpaWv5wPKH5QTQUn+X2iBrC8cZEnDUbkCNl+XPiEhk= vagrant@server2]"
            },
            "name": "clickhouse",
            "network_acceleration_type": "standard",
            "network_interface": [
              {
                "dns_record": [],
                "index": 0,
                "ip_address": "192.168.250.12",
                "ipv4": true,
                "ipv6": false,
                "ipv6_address": "",
                "ipv6_dns_record": [],
                "mac_address": "d0:0d:1f:30:c1:31",
                "nat": true,
                "nat_dns_record": [],
                "nat_ip_address": "51.250.93.247",
                "nat_ip_version": "IPV4",
                "security_group_ids": [],
                "subnet_id": "e9b4tljeg8grds7nuomt"
              }
            ],
            "placement_policy": [
              {
                "placement_group_id": ""
              }
            ],
            "platform_id": "standard-v1",
            "resources": [
              {
                "core_fraction": 100,
                "cores": 2,
                "gpus": 0,
                "memory": 4
              }
            ],
            "scheduling_policy": [
              {
                "preemptible": false
              }
            ],
            "secondary_disk": [],
            "service_account_id": "",
            "status": "running",
            "timeouts": null,
            "zone": "ru-central1-a"
          },
          "sensitive_attributes": [],
          "private": "eyJlMmJmYjczMC1lY2FhLTExZTYtOGY4OC0zNDM2M2JjN2M0YzAiOnsiY3JlYXRlIjozMDAwMDAwMDAwMDAsImRlbGV0ZSI6MzAwMDAwMDAwMDAwLCJ1cGRhdGUiOjMwMDAwMDAwMDAwMH0sInNjaGVtYV92ZXJzaW9uIjoiMSJ9",
          "dependencies": [
            "yandex_vpc_network.network-1",
            "yandex_vpc_subnet.subnet-1"
          ]
        }
      ]
    },
    {
      "mode": "managed",
      "type": "yandex_compute_instance",
      "name": "vm-2",
      "provider": "provider[\"terraform-registry.storage.yandexcloud.net/yandex-cloud/yandex\"]",
      "instances": [
        {
          "schema_version": 1,
          "attributes": {
            "allow_stopping_for_update": null,
            "boot_disk": [
              {
                "auto_delete": true,
                "device_name": "fhmhc2n6n34r07n101uu",
                "disk_id": "fhmhc2n6n34r07n101uu",
                "initialize_params": [
                  {
                    "block_size": 4096,
                    "description": "",
                    "image_id": "fd88d14a6790do254kj7",
                    "name": "",
                    "size": 12,
                    "snapshot_id": "",
                    "type": "network-hdd"
                  }
                ],
                "mode": "READ_WRITE"
              }
            ],
            "created_at": "2022-08-17T04:25:45Z",
            "description": "",
            "folder_id": "b1gtp2cog4lf9jgalt0p",
            "fqdn": "fhm2haf20j1osfo56l6f.auto.internal",
            "hostname": "fhm2haf20j1osfo56l6f",
            "id": "fhm2haf20j1osfo56l6f",
            "labels": null,
            "metadata": {
              "user-data": "#cloud-config\nusers:\n  - name: vagrant \n    groups: sudo\n    shell: /bin/bash\n    sudo: ['ALL=(ALL) NOPASSWD:ALL']\n    ssh-authorized-keys: [ssh-rsa AAAAB3NzaC1yc2EAAAADAQABAAABgQCdvi+ZZ9k2cVHdXQrDVOFoXaczOdAf+t/bEz83q9tKakAhRL4p72T/+T+8FgVoewk75rj8Bxsn4APXLOab3DgICR1n9UFkpLM/EnrYludwycNp1FlKBByRwsPvPRCvJb2P+K7XzZMq7GSGp+8voEPwkMeYkHoB1Y+N5qLBkCwww3h9jbwQ+dpFe4IvbBwojESbhS1C9lvtQo2MtqQug+ppaO/+laFJpl2DugI56A5G5jClALxmf6bGRINS+g+//5JV9UWMX7nk7MU0KC1Q2YyU0fXzGz8hylKDSz6y25BnzW3bsBrqBZ1FNA2vy39FmUYxpgCG0DpgqL4seTshUm5QVMp14BFHBofbWjAM4w2/exZrjKUn2RVpOMme2GGKxzmY1lWG3rC1W8dnxgY4LUCHkwbhwf1hR7nxhuPkdjp586Y+cKTJrEvnDCZ13QnQR02dOETGVTf2+CFBAZAHCtrxAEpaWv5wPKH5QTQUn+X2iBrC8cZEnDUbkCNl+XPiEhk= vagrant@server2]"
            },
            "name": "vector",
            "network_acceleration_type": "standard",
            "network_interface": [
              {
                "dns_record": [],
                "index": 0,
                "ip_address": "192.168.250.29",
                "ipv4": true,
                "ipv6": false,
                "ipv6_address": "",
                "ipv6_dns_record": [],
                "mac_address": "d0:0d:28:a9:e2:04",
                "nat": true,
                "nat_dns_record": [],
                "nat_ip_address": "51.250.90.51",
                "nat_ip_version": "IPV4",
                "security_group_ids": [],
                "subnet_id": "e9b4tljeg8grds7nuomt"
              }
            ],
            "placement_policy": [
              {
                "placement_group_id": ""
              }
            ],
            "platform_id": "standard-v1",
            "resources": [
              {
                "core_fraction": 100,
                "cores": 2,
                "gpus": 0,
                "memory": 4
              }
            ],
            "scheduling_policy": [
              {
                "preemptible": false
              }
            ],
            "secondary_disk": [],
            "service_account_id": "",
            "status": "running",
            "timeouts": null,
            "zone": "ru-central1-a"
          },
          "sensitive_attributes": [],
          "private": "eyJlMmJmYjczMC1lY2FhLTExZTYtOGY4OC0zNDM2M2JjN2M0YzAiOnsiY3JlYXRlIjozMDAwMDAwMDAwMDAsImRlbGV0ZSI6MzAwMDAwMDAwMDAwLCJ1cGRhdGUiOjMwMDAwMDAwMDAwMH0sInNjaGVtYV92ZXJzaW9uIjoiMSJ9",
          "dependencies": [
            "yandex_vpc_network.network-1",
            "yandex_vpc_subnet.subnet-1"
          ]
        }
      ]
    },
    {
      "mode": "managed",
      "type": "yandex_vpc_network",
      "name": "network-1",
      "provider": "provider[\"terraform-registry.storage.yandexcloud.net/yandex-cloud/yandex\"]",
      "instances": [
        {
          "schema_version": 0,
          "attributes": {
            "created_at": "2022-08-17T04:25:42Z",
            "default_security_group_id": "",
            "description": "",
            "folder_id": "b1gtp2cog4lf9jgalt0p",
            "id": "enpnfb86bg5etvelldvm",
            "labels": {},
            "name": "network1",
            "subnet_ids": [],
            "timeouts": null
          },
          "sensitive_attributes": [],
          "private": "eyJlMmJmYjczMC1lY2FhLTExZTYtOGY4OC0zNDM2M2JjN2M0YzAiOnsiY3JlYXRlIjo2MDAwMDAwMDAwMCwiZGVsZXRlIjo2MDAwMDAwMDAwMCwidXBkYXRlIjo2MDAwMDAwMDAwMH19"
        }
      ]
    },
    {
      "mode": "managed",
      "type": "yandex_vpc_subnet",
      "name": "subnet-1",
      "provider": "provider[\"terraform-registry.storage.yandexcloud.net/yandex-cloud/yandex\"]",
      "instances": [
        {
          "schema_version": 0,
          "attributes": {
            "created_at": "2022-08-17T04:25:43Z",
            "description": "",
            "dhcp_options": [],
            "folder_id": "b1gtp2cog4lf9jgalt0p",
            "id": "e9b4tljeg8grds7nuomt",
            "labels": {},
            "name": "subnet1",
            "network_id": "enpnfb86bg5etvelldvm",
            "route_table_id": "",
            "timeouts": null,
            "v4_cidr_blocks": [
              "192.168.250.0/24"
            ],
            "v6_cidr_blocks": [],
            "zone": "ru-central1-a"
          },
          "sensitive_attributes": [],
          "private": "eyJlMmJmYjczMC1lY2FhLTExZTYtOGY4OC0zNDM2M2JjN2M0YzAiOnsiY3JlYXRlIjoxODAwMDAwMDAwMDAsImRlbGV0ZSI6MTgwMDAwMDAwMDAwLCJ1cGRhdGUiOjE4MDAwMDAwMDAwMH19",
          "dependencies": [
            "yandex_vpc_network.network-1"
          ]
        }
      ]
    }
  ]
}
