{
  "version": 4,
  "terraform_version": "1.3.5",
  "serial": 17,
  "lineage": "010d45e5-87f4-fe99-0f68-b9ee27f60f4f",
  "outputs": {
    "yc_cloud_id": {
      "value": "b1gekc4vbv7jejkjhfm9",
      "type": "string"
    },
    "yc_folder_id": {
      "value": "b1gedruc3jl8tepos1sa",
      "type": "string"
    },
    "yc_region": {
      "value": "ru-central1",
      "type": "string"
    },
    "yc_zone": {
      "value": "ru-central1-a",
      "type": "string"
    }
  },
  "resources": [
    {
      "mode": "managed",
      "type": "yandex_iam_service_account",
      "name": "tf-sa",
      "provider": "provider[\"terraform-registry.storage.yandexcloud.net/yandex-cloud/yandex\"]",
      "instances": [
        {
          "schema_version": 0,
          "attributes": {
            "created_at": "2023-01-24T18:59:45Z",
            "description": "",
            "folder_id": "b1gedruc3jl8tepos1sa",
            "id": "aje2kr12j4d3nhkl44d2",
            "name": "tf-sa",
            "timeouts": null
          },
          "sensitive_attributes": [],
          "private": "eyJlMmJmYjczMC1lY2FhLTExZTYtOGY4OC0zNDM2M2JjN2M0YzAiOnsiY3JlYXRlIjo2MDAwMDAwMDAwMCwiZGVsZXRlIjo2MDAwMDAwMDAwMCwidXBkYXRlIjo2MDAwMDAwMDAwMH19"
        }
      ]
    },
    {
      "mode": "managed",
      "type": "yandex_iam_service_account_static_access_key",
      "name": "tf-sa-static-key",
      "provider": "provider[\"terraform-registry.storage.yandexcloud.net/yandex-cloud/yandex\"]",
      "instances": [
        {
          "schema_version": 0,
          "attributes": {
            "access_key": "YCAJEvgC4ucQ7sPQTqNHj7xS3",
            "created_at": "2023-01-25T04:19:32Z",
            "description": "static access key",
            "encrypted_secret_key": null,
            "id": "aje67scg1lhac3vkmsll",
            "key_fingerprint": null,
            "pgp_key": null,
            "secret_key": "YCN0DcKAB1fDFgKBd--Ql-dC20mnmcE6Sen-vbGv",
            "service_account_id": "aje2kr12j4d3nhkl44d2"
          },
          "sensitive_attributes": [],
          "private": "bnVsbA==",
          "dependencies": [
            "yandex_iam_service_account.tf-sa"
          ]
        }
      ]
    },
    {
      "mode": "managed",
      "type": "yandex_resourcemanager_folder_iam_member",
      "name": "sa-editor",
      "provider": "provider[\"terraform-registry.storage.yandexcloud.net/yandex-cloud/yandex\"]",
      "instances": [
        {
          "schema_version": 0,
          "attributes": {
            "folder_id": "b1gedruc3jl8tepos1sa",
            "id": "b1gedruc3jl8tepos1sa/editor/serviceAccount:aje2kr12j4d3nhkl44d2",
            "member": "serviceAccount:aje2kr12j4d3nhkl44d2",
            "role": "editor",
            "sleep_after": null
          },
          "sensitive_attributes": [],
          "private": "bnVsbA==",
          "dependencies": [
            "yandex_iam_service_account.tf-sa"
          ]
        }
      ]
    },
    {
      "mode": "managed",
      "type": "yandex_storage_bucket",
      "name": "tf-bucket",
      "provider": "provider[\"terraform-registry.storage.yandexcloud.net/yandex-cloud/yandex\"]",
      "instances": [
        {
          "schema_version": 0,
          "attributes": {
            "access_key": "YCAJEvgC4ucQ7sPQTqNHj7xS3",
            "acl": "private",
            "bucket": "tf-bucket",
            "bucket_domain_name": "tf-bucket.storage.yandexcloud.net",
            "bucket_prefix": null,
            "cors_rule": [],
            "force_destroy": false,
            "grant": [],
            "id": "tf-bucket",
            "lifecycle_rule": [],
            "logging": [],
            "policy": null,
            "secret_key": "YCN0DcKAB1fDFgKBd--Ql-dC20mnmcE6Sen-vbGv",
            "server_side_encryption_configuration": [],
            "versioning": [
              {
                "enabled": false
              }
            ],
            "website": [],
            "website_domain": null,
            "website_endpoint": null
          },
          "sensitive_attributes": [
            [
              {
                "type": "get_attr",
                "value": "secret_key"
              }
            ]
          ],
          "private": "bnVsbA==",
          "dependencies": [
            "yandex_iam_service_account.tf-sa",
            "yandex_iam_service_account_static_access_key.tf-sa-static-key"
          ]
        }
      ]
    }
  ],
  "check_results": null
}
