{
  "version": 4,
  "terraform_version": "1.1.5",
  "serial": 59,
  "lineage": "4720f895-4fab-e538-8624-a4d057df8162",
  "outputs": {
    "external_ip_address_node01": {
      "value": "51.250.9.136",
      "type": "string"
    },
    "external_ip_address_node02": {
      "value": "62.84.127.82",
      "type": "string"
    },
    "external_ip_address_node03": {
      "value": "51.250.7.114",
      "type": "string"
    },
    "external_ip_address_node04": {
      "value": "51.250.10.32",
      "type": "string"
    },
    "external_ip_address_node05": {
      "value": "51.250.3.78",
      "type": "string"
    },
    "external_ip_address_node06": {
      "value": "62.84.115.202",
      "type": "string"
    },
    "internal_ip_address_node01": {
      "value": "192.168.101.11",
      "type": "string"
    },
    "internal_ip_address_node02": {
      "value": "192.168.101.12",
      "type": "string"
    },
    "internal_ip_address_node03": {
      "value": "192.168.101.13",
      "type": "string"
    },
    "internal_ip_address_node04": {
      "value": "192.168.101.14",
      "type": "string"
    },
    "internal_ip_address_node05": {
      "value": "192.168.101.15",
      "type": "string"
    },
    "internal_ip_address_node06": {
      "value": "192.168.101.16",
      "type": "string"
    }
  },
  "resources": [
    {
      "mode": "managed",
      "type": "local_file",
      "name": "inventory",
      "provider": "provider[\"registry.terraform.io/hashicorp/local\"]",
      "instances": [
        {
          "schema_version": 0,
          "attributes": {
            "content": "# Ansible inventory containing variable values from Terraform.\n# Generated by Terraform.\n\n[nodes:children]\nmanagers\nworkers\n\n[managers:children]\nactive\nstandby\n\n[active]\nnode01.netology.yc ansible_host=51.250.9.136\n\n[standby]\nnode02.netology.yc ansible_host=62.84.127.82\nnode03.netology.yc ansible_host=51.250.7.114\n\n[workers]\nnode04.netology.yc ansible_host=51.250.10.32\nnode05.netology.yc ansible_host=51.250.3.78\nnode06.netology.yc ansible_host=62.84.115.202\n",
            "content_base64": null,
            "directory_permission": "0777",
            "file_permission": "0777",
            "filename": "../ansible/inventory",
            "id": "97dd6c01748324d6fd4e1e7c1f06cbbd5153574b",
            "sensitive_content": null,
            "source": null
          },
          "sensitive_attributes": [],
          "private": "bnVsbA==",
          "dependencies": [
            "yandex_compute_instance.node01",
            "yandex_compute_instance.node02",
            "yandex_compute_instance.node03",
            "yandex_compute_instance.node04",
            "yandex_compute_instance.node05",
            "yandex_compute_instance.node06",
            "yandex_vpc_network.default",
            "yandex_vpc_subnet.default"
          ]
        }
      ]
    },
    {
      "mode": "managed",
      "type": "null_resource",
      "name": "cluster",
      "provider": "provider[\"registry.terraform.io/hashicorp/null\"]",
      "instances": [
        {
          "schema_version": 0,
          "attributes": {
            "id": "4831361849500080162",
            "triggers": null
          },
          "sensitive_attributes": [],
          "private": "bnVsbA==",
          "dependencies": [
            "local_file.inventory",
            "null_resource.wait",
            "yandex_compute_instance.node01",
            "yandex_compute_instance.node02",
            "yandex_compute_instance.node03",
            "yandex_compute_instance.node04",
            "yandex_compute_instance.node05",
            "yandex_compute_instance.node06",
            "yandex_vpc_network.default",
            "yandex_vpc_subnet.default"
          ]
        }
      ]
    },
    {
      "mode": "managed",
      "type": "null_resource",
      "name": "monitoring",
      "provider": "provider[\"registry.terraform.io/hashicorp/null\"]",
      "instances": [
        {
          "schema_version": 0,
          "attributes": {
            "id": "9086740739761741417",
            "triggers": null
          },
          "sensitive_attributes": [],
          "private": "bnVsbA==",
          "dependencies": [
            "local_file.inventory",
            "null_resource.cluster",
            "null_resource.sync",
            "null_resource.wait",
            "yandex_compute_instance.node01",
            "yandex_compute_instance.node02",
            "yandex_compute_instance.node03",
            "yandex_compute_instance.node04",
            "yandex_compute_instance.node05",
            "yandex_compute_instance.node06",
            "yandex_vpc_network.default",
            "yandex_vpc_subnet.default"
          ]
        }
      ]
    },
    {
      "mode": "managed",
      "type": "null_resource",
      "name": "sync",
      "provider": "provider[\"registry.terraform.io/hashicorp/null\"]",
      "instances": [
        {
          "schema_version": 0,
          "attributes": {
            "id": "4998447445057733859",
            "triggers": null
          },
          "sensitive_attributes": [],
          "private": "bnVsbA==",
          "dependencies": [
            "local_file.inventory",
            "null_resource.cluster",
            "null_resource.wait",
            "yandex_compute_instance.node01",
            "yandex_compute_instance.node02",
            "yandex_compute_instance.node03",
            "yandex_compute_instance.node04",
            "yandex_compute_instance.node05",
            "yandex_compute_instance.node06",
            "yandex_vpc_network.default",
            "yandex_vpc_subnet.default"
          ]
        }
      ]
    },
    {
      "mode": "managed",
      "type": "null_resource",
      "name": "wait",
      "provider": "provider[\"registry.terraform.io/hashicorp/null\"]",
      "instances": [
        {
          "schema_version": 0,
          "attributes": {
            "id": "5573555033113357409",
            "triggers": null
          },
          "sensitive_attributes": [],
          "private": "bnVsbA==",
          "dependencies": [
            "local_file.inventory",
            "yandex_compute_instance.node01",
            "yandex_compute_instance.node02",
            "yandex_compute_instance.node03",
            "yandex_compute_instance.node04",
            "yandex_compute_instance.node05",
            "yandex_compute_instance.node06",
            "yandex_vpc_network.default",
            "yandex_vpc_subnet.default"
          ]
        }
      ]
    },
    {
      "mode": "managed",
      "type": "yandex_compute_instance",
      "name": "node01",
      "provider": "provider[\"registry.terraform.io/yandex-cloud/yandex\"]",
      "instances": [
        {
          "schema_version": 1,
          "attributes": {
            "allow_stopping_for_update": true,
            "boot_disk": [
              {
                "auto_delete": true,
                "device_name": "fhmiauv5rbq185q6vfsb",
                "disk_id": "fhmiauv5rbq185q6vfsb",
                "initialize_params": [
                  {
                    "block_size": 4096,
                    "description": "",
                    "image_id": "fd8cp9oofb7nmn29jfcp",
                    "name": "root-node01",
                    "size": 10,
                    "snapshot_id": "",
                    "type": "network-ssd"
                  }
                ],
                "mode": "READ_WRITE"
              }
            ],
            "created_at": "2022-02-24T18:32:58Z",
            "description": "",
            "folder_id": "b1gtp2cog4lf9jgalt0p",
            "fqdn": "node01.netology.yc",
            "hostname": "node01",
            "id": "fhmtal2vgjhsdlv1si63",
            "labels": null,
            "metadata": {
              "ssh-keys": "centos:ssh-rsa AAAAB3NzaC1yc2EAAAADAQABAAABgQDcGllXOZh1rEQngHA1EiUDvuFlIG9JsBRwanH7ABP77mVqQanURIeYs1vC8WL0wzLlNGcAscn6+J/im33pxMZShIlnCQRNkz76q5y9GniMTvXUt501q3n4ZpaSC68SoK8FcWBkLW1VAl1Y57Ol0iRhaZA2AYH6Z1PTfCT4FiBRWuhLSWVmzYYg7ibziZGbW9W9wdBn+eoIayKIZ+TstommzLrNeiMBveF5u5EQso/jITdgIbBBU8gsj9af7Q4Mhu61NnDcmypcAGFE3DvVTMJEH9e+ArnYhSQS37h4sM0eRD7p6cjZRW7yjj4IG2w+aMbikpF/rdw+cRRlsqjmOvQKVO+yN7cQan2BRZIHhHLZKMrQO25U5xw2GX7mOJBt9EHSOAEcfiPR41ZNBi6B5IOWz2DVKL8qVC+ufNApIerdROSlP/sYqt/nWe9ch2qTmrbwS+Fvb9LfAT6D8ZCjE60b33I3DqBrbYH1ZkMlbOHmXHj7G6gjNDjdcAsveKwMgaU= dgolodnikov@DESKTOP-V4JG0DR\n"
            },
            "name": "node01",
            "network_acceleration_type": "standard",
            "network_interface": [
              {
                "dns_record": [],
                "index": 0,
                "ip_address": "192.168.101.11",
                "ipv4": true,
                "ipv6": false,
                "ipv6_address": "",
                "ipv6_dns_record": [],
                "mac_address": "d0:0d:1d:55:45:f8",
                "nat": true,
                "nat_dns_record": [],
                "nat_ip_address": "51.250.9.136",
                "nat_ip_version": "IPV4",
                "security_group_ids": [],
                "subnet_id": "e9bbv6o22fcr0e697u65"
              }
            ],
            "placement_policy": [
              {
                "placement_group_id": ""
              }
            ],
            "platform_id": "standard-v1",
            "resources": [
              {
                "core_fraction": 100,
                "cores": 4,
                "gpus": 0,
                "memory": 8
              }
            ],
            "scheduling_policy": [
              {
                "preemptible": false
              }
            ],
            "secondary_disk": [],
            "service_account_id": "",
            "status": "running",
            "timeouts": null,
            "zone": "ru-central1-a"
          },
          "sensitive_attributes": [],
          "private": "eyJlMmJmYjczMC1lY2FhLTExZTYtOGY4OC0zNDM2M2JjN2M0YzAiOnsiY3JlYXRlIjozMDAwMDAwMDAwMDAsImRlbGV0ZSI6MzAwMDAwMDAwMDAwLCJ1cGRhdGUiOjMwMDAwMDAwMDAwMH0sInNjaGVtYV92ZXJzaW9uIjoiMSJ9",
          "dependencies": [
            "yandex_vpc_network.default",
            "yandex_vpc_subnet.default"
          ]
        }
      ]
    },
    {
      "mode": "managed",
      "type": "yandex_compute_instance",
      "name": "node02",
      "provider": "provider[\"registry.terraform.io/yandex-cloud/yandex\"]",
      "instances": [
        {
          "schema_version": 1,
          "attributes": {
            "allow_stopping_for_update": true,
            "boot_disk": [
              {
                "auto_delete": true,
                "device_name": "fhmcg8id2krf1n1qnult",
                "disk_id": "fhmcg8id2krf1n1qnult",
                "initialize_params": [
                  {
                    "block_size": 4096,
                    "description": "",
                    "image_id": "fd8cp9oofb7nmn29jfcp",
                    "name": "root-node02",
                    "size": 10,
                    "snapshot_id": "",
                    "type": "network-ssd"
                  }
                ],
                "mode": "READ_WRITE"
              }
            ],
            "created_at": "2022-02-24T18:32:58Z",
            "description": "",
            "folder_id": "b1gtp2cog4lf9jgalt0p",
            "fqdn": "node02.netology.yc",
            "hostname": "node02",
            "id": "fhmupthe8qd2efk8c2mq",
            "labels": null,
            "metadata": {
              "ssh-keys": "centos:ssh-rsa AAAAB3NzaC1yc2EAAAADAQABAAABgQDcGllXOZh1rEQngHA1EiUDvuFlIG9JsBRwanH7ABP77mVqQanURIeYs1vC8WL0wzLlNGcAscn6+J/im33pxMZShIlnCQRNkz76q5y9GniMTvXUt501q3n4ZpaSC68SoK8FcWBkLW1VAl1Y57Ol0iRhaZA2AYH6Z1PTfCT4FiBRWuhLSWVmzYYg7ibziZGbW9W9wdBn+eoIayKIZ+TstommzLrNeiMBveF5u5EQso/jITdgIbBBU8gsj9af7Q4Mhu61NnDcmypcAGFE3DvVTMJEH9e+ArnYhSQS37h4sM0eRD7p6cjZRW7yjj4IG2w+aMbikpF/rdw+cRRlsqjmOvQKVO+yN7cQan2BRZIHhHLZKMrQO25U5xw2GX7mOJBt9EHSOAEcfiPR41ZNBi6B5IOWz2DVKL8qVC+ufNApIerdROSlP/sYqt/nWe9ch2qTmrbwS+Fvb9LfAT6D8ZCjE60b33I3DqBrbYH1ZkMlbOHmXHj7G6gjNDjdcAsveKwMgaU= dgolodnikov@DESKTOP-V4JG0DR\n"
            },
            "name": "node02",
            "network_acceleration_type": "standard",
            "network_interface": [
              {
                "dns_record": [],
                "index": 0,
                "ip_address": "192.168.101.12",
                "ipv4": true,
                "ipv6": false,
                "ipv6_address": "",
                "ipv6_dns_record": [],
                "mac_address": "d0:0d:1e:cf:62:e4",
                "nat": true,
                "nat_dns_record": [],
                "nat_ip_address": "62.84.127.82",
                "nat_ip_version": "IPV4",
                "security_group_ids": [],
                "subnet_id": "e9bbv6o22fcr0e697u65"
              }
            ],
            "placement_policy": [
              {
                "placement_group_id": ""
              }
            ],
            "platform_id": "standard-v1",
            "resources": [
              {
                "core_fraction": 100,
                "cores": 4,
                "gpus": 0,
                "memory": 8
              }
            ],
            "scheduling_policy": [
              {
                "preemptible": false
              }
            ],
            "secondary_disk": [],
            "service_account_id": "",
            "status": "running",
            "timeouts": null,
            "zone": "ru-central1-a"
          },
          "sensitive_attributes": [],
          "private": "eyJlMmJmYjczMC1lY2FhLTExZTYtOGY4OC0zNDM2M2JjN2M0YzAiOnsiY3JlYXRlIjozMDAwMDAwMDAwMDAsImRlbGV0ZSI6MzAwMDAwMDAwMDAwLCJ1cGRhdGUiOjMwMDAwMDAwMDAwMH0sInNjaGVtYV92ZXJzaW9uIjoiMSJ9",
          "dependencies": [
            "yandex_vpc_network.default",
            "yandex_vpc_subnet.default"
          ]
        }
      ]
    },
    {
      "mode": "managed",
      "type": "yandex_compute_instance",
      "name": "node03",
      "provider": "provider[\"registry.terraform.io/yandex-cloud/yandex\"]",
      "instances": [
        {
          "schema_version": 1,
          "attributes": {
            "allow_stopping_for_update": true,
            "boot_disk": [
              {
                "auto_delete": true,
                "device_name": "fhm589hsqa0heme0gtrl",
                "disk_id": "fhm589hsqa0heme0gtrl",
                "initialize_params": [
                  {
                    "block_size": 4096,
                    "description": "",
                    "image_id": "fd8cp9oofb7nmn29jfcp",
                    "name": "root-node03",
                    "size": 10,
                    "snapshot_id": "",
                    "type": "network-ssd"
                  }
                ],
                "mode": "READ_WRITE"
              }
            ],
            "created_at": "2022-02-24T18:32:58Z",
            "description": "",
            "folder_id": "b1gtp2cog4lf9jgalt0p",
            "fqdn": "node03.netology.yc",
            "hostname": "node03",
            "id": "fhmfh7v5prr6ibvksq01",
            "labels": null,
            "metadata": {
              "ssh-keys": "centos:ssh-rsa AAAAB3NzaC1yc2EAAAADAQABAAABgQDcGllXOZh1rEQngHA1EiUDvuFlIG9JsBRwanH7ABP77mVqQanURIeYs1vC8WL0wzLlNGcAscn6+J/im33pxMZShIlnCQRNkz76q5y9GniMTvXUt501q3n4ZpaSC68SoK8FcWBkLW1VAl1Y57Ol0iRhaZA2AYH6Z1PTfCT4FiBRWuhLSWVmzYYg7ibziZGbW9W9wdBn+eoIayKIZ+TstommzLrNeiMBveF5u5EQso/jITdgIbBBU8gsj9af7Q4Mhu61NnDcmypcAGFE3DvVTMJEH9e+ArnYhSQS37h4sM0eRD7p6cjZRW7yjj4IG2w+aMbikpF/rdw+cRRlsqjmOvQKVO+yN7cQan2BRZIHhHLZKMrQO25U5xw2GX7mOJBt9EHSOAEcfiPR41ZNBi6B5IOWz2DVKL8qVC+ufNApIerdROSlP/sYqt/nWe9ch2qTmrbwS+Fvb9LfAT6D8ZCjE60b33I3DqBrbYH1ZkMlbOHmXHj7G6gjNDjdcAsveKwMgaU= dgolodnikov@DESKTOP-V4JG0DR\n"
            },
            "name": "node03",
            "network_acceleration_type": "standard",
            "network_interface": [
              {
                "dns_record": [],
                "index": 0,
                "ip_address": "192.168.101.13",
                "ipv4": true,
                "ipv6": false,
                "ipv6_address": "",
                "ipv6_dns_record": [],
                "mac_address": "d0:0d:f8:9f:e5:ce",
                "nat": true,
                "nat_dns_record": [],
                "nat_ip_address": "51.250.7.114",
                "nat_ip_version": "IPV4",
                "security_group_ids": [],
                "subnet_id": "e9bbv6o22fcr0e697u65"
              }
            ],
            "placement_policy": [
              {
                "placement_group_id": ""
              }
            ],
            "platform_id": "standard-v1",
            "resources": [
              {
                "core_fraction": 100,
                "cores": 4,
                "gpus": 0,
                "memory": 8
              }
            ],
            "scheduling_policy": [
              {
                "preemptible": false
              }
            ],
            "secondary_disk": [],
            "service_account_id": "",
            "status": "running",
            "timeouts": null,
            "zone": "ru-central1-a"
          },
          "sensitive_attributes": [],
          "private": "eyJlMmJmYjczMC1lY2FhLTExZTYtOGY4OC0zNDM2M2JjN2M0YzAiOnsiY3JlYXRlIjozMDAwMDAwMDAwMDAsImRlbGV0ZSI6MzAwMDAwMDAwMDAwLCJ1cGRhdGUiOjMwMDAwMDAwMDAwMH0sInNjaGVtYV92ZXJzaW9uIjoiMSJ9",
          "dependencies": [
            "yandex_vpc_network.default",
            "yandex_vpc_subnet.default"
          ]
        }
      ]
    },
    {
      "mode": "managed",
      "type": "yandex_compute_instance",
      "name": "node04",
      "provider": "provider[\"registry.terraform.io/yandex-cloud/yandex\"]",
      "instances": [
        {
          "schema_version": 1,
          "attributes": {
            "allow_stopping_for_update": true,
            "boot_disk": [
              {
                "auto_delete": true,
                "device_name": "fhm09og57amm18lrmdfo",
                "disk_id": "fhm09og57amm18lrmdfo",
                "initialize_params": [
                  {
                    "block_size": 4096,
                    "description": "",
                    "image_id": "fd8cp9oofb7nmn29jfcp",
                    "name": "root-node04",
                    "size": 40,
                    "snapshot_id": "",
                    "type": "network-ssd"
                  }
                ],
                "mode": "READ_WRITE"
              }
            ],
            "created_at": "2022-02-24T18:32:58Z",
            "description": "",
            "folder_id": "b1gtp2cog4lf9jgalt0p",
            "fqdn": "node04.netology.yc",
            "hostname": "node04",
            "id": "fhm6jtqvpfphr84t34i4",
            "labels": null,
            "metadata": {
              "ssh-keys": "centos:ssh-rsa AAAAB3NzaC1yc2EAAAADAQABAAABgQDcGllXOZh1rEQngHA1EiUDvuFlIG9JsBRwanH7ABP77mVqQanURIeYs1vC8WL0wzLlNGcAscn6+J/im33pxMZShIlnCQRNkz76q5y9GniMTvXUt501q3n4ZpaSC68SoK8FcWBkLW1VAl1Y57Ol0iRhaZA2AYH6Z1PTfCT4FiBRWuhLSWVmzYYg7ibziZGbW9W9wdBn+eoIayKIZ+TstommzLrNeiMBveF5u5EQso/jITdgIbBBU8gsj9af7Q4Mhu61NnDcmypcAGFE3DvVTMJEH9e+ArnYhSQS37h4sM0eRD7p6cjZRW7yjj4IG2w+aMbikpF/rdw+cRRlsqjmOvQKVO+yN7cQan2BRZIHhHLZKMrQO25U5xw2GX7mOJBt9EHSOAEcfiPR41ZNBi6B5IOWz2DVKL8qVC+ufNApIerdROSlP/sYqt/nWe9ch2qTmrbwS+Fvb9LfAT6D8ZCjE60b33I3DqBrbYH1ZkMlbOHmXHj7G6gjNDjdcAsveKwMgaU= dgolodnikov@DESKTOP-V4JG0DR\n"
            },
            "name": "node04",
            "network_acceleration_type": "standard",
            "network_interface": [
              {
                "dns_record": [],
                "index": 0,
                "ip_address": "192.168.101.14",
                "ipv4": true,
                "ipv6": false,
                "ipv6_address": "",
                "ipv6_dns_record": [],
                "mac_address": "d0:0d:69:f7:5f:cb",
                "nat": true,
                "nat_dns_record": [],
                "nat_ip_address": "51.250.10.32",
                "nat_ip_version": "IPV4",
                "security_group_ids": [],
                "subnet_id": "e9bbv6o22fcr0e697u65"
              }
            ],
            "placement_policy": [
              {
                "placement_group_id": ""
              }
            ],
            "platform_id": "standard-v1",
            "resources": [
              {
                "core_fraction": 100,
                "cores": 4,
                "gpus": 0,
                "memory": 8
              }
            ],
            "scheduling_policy": [
              {
                "preemptible": false
              }
            ],
            "secondary_disk": [],
            "service_account_id": "",
            "status": "running",
            "timeouts": null,
            "zone": "ru-central1-a"
          },
          "sensitive_attributes": [],
          "private": "eyJlMmJmYjczMC1lY2FhLTExZTYtOGY4OC0zNDM2M2JjN2M0YzAiOnsiY3JlYXRlIjozMDAwMDAwMDAwMDAsImRlbGV0ZSI6MzAwMDAwMDAwMDAwLCJ1cGRhdGUiOjMwMDAwMDAwMDAwMH0sInNjaGVtYV92ZXJzaW9uIjoiMSJ9",
          "dependencies": [
            "yandex_vpc_network.default",
            "yandex_vpc_subnet.default"
          ]
        }
      ]
    },
    {
      "mode": "managed",
      "type": "yandex_compute_instance",
      "name": "node05",
      "provider": "provider[\"registry.terraform.io/yandex-cloud/yandex\"]",
      "instances": [
        {
          "schema_version": 1,
          "attributes": {
            "allow_stopping_for_update": true,
            "boot_disk": [
              {
                "auto_delete": true,
                "device_name": "fhmtrn5r2uk0cj38qlhr",
                "disk_id": "fhmtrn5r2uk0cj38qlhr",
                "initialize_params": [
                  {
                    "block_size": 4096,
                    "description": "",
                    "image_id": "fd8cp9oofb7nmn29jfcp",
                    "name": "root-node05",
                    "size": 40,
                    "snapshot_id": "",
                    "type": "network-ssd"
                  }
                ],
                "mode": "READ_WRITE"
              }
            ],
            "created_at": "2022-02-24T18:32:58Z",
            "description": "",
            "folder_id": "b1gtp2cog4lf9jgalt0p",
            "fqdn": "node05.netology.yc",
            "hostname": "node05",
            "id": "fhmg0ij34b3eih0umdai",
            "labels": null,
            "metadata": {
              "ssh-keys": "centos:ssh-rsa AAAAB3NzaC1yc2EAAAADAQABAAABgQDcGllXOZh1rEQngHA1EiUDvuFlIG9JsBRwanH7ABP77mVqQanURIeYs1vC8WL0wzLlNGcAscn6+J/im33pxMZShIlnCQRNkz76q5y9GniMTvXUt501q3n4ZpaSC68SoK8FcWBkLW1VAl1Y57Ol0iRhaZA2AYH6Z1PTfCT4FiBRWuhLSWVmzYYg7ibziZGbW9W9wdBn+eoIayKIZ+TstommzLrNeiMBveF5u5EQso/jITdgIbBBU8gsj9af7Q4Mhu61NnDcmypcAGFE3DvVTMJEH9e+ArnYhSQS37h4sM0eRD7p6cjZRW7yjj4IG2w+aMbikpF/rdw+cRRlsqjmOvQKVO+yN7cQan2BRZIHhHLZKMrQO25U5xw2GX7mOJBt9EHSOAEcfiPR41ZNBi6B5IOWz2DVKL8qVC+ufNApIerdROSlP/sYqt/nWe9ch2qTmrbwS+Fvb9LfAT6D8ZCjE60b33I3DqBrbYH1ZkMlbOHmXHj7G6gjNDjdcAsveKwMgaU= dgolodnikov@DESKTOP-V4JG0DR\n"
            },
            "name": "node05",
            "network_acceleration_type": "standard",
            "network_interface": [
              {
                "dns_record": [],
                "index": 0,
                "ip_address": "192.168.101.15",
                "ipv4": true,
                "ipv6": false,
                "ipv6_address": "",
                "ipv6_dns_record": [],
                "mac_address": "d0:0d:10:04:a6:32",
                "nat": true,
                "nat_dns_record": [],
                "nat_ip_address": "51.250.3.78",
                "nat_ip_version": "IPV4",
                "security_group_ids": [],
                "subnet_id": "e9bbv6o22fcr0e697u65"
              }
            ],
            "placement_policy": [
              {
                "placement_group_id": ""
              }
            ],
            "platform_id": "standard-v1",
            "resources": [
              {
                "core_fraction": 100,
                "cores": 4,
                "gpus": 0,
                "memory": 8
              }
            ],
            "scheduling_policy": [
              {
                "preemptible": false
              }
            ],
            "secondary_disk": [],
            "service_account_id": "",
            "status": "running",
            "timeouts": null,
            "zone": "ru-central1-a"
          },
          "sensitive_attributes": [],
          "private": "eyJlMmJmYjczMC1lY2FhLTExZTYtOGY4OC0zNDM2M2JjN2M0YzAiOnsiY3JlYXRlIjozMDAwMDAwMDAwMDAsImRlbGV0ZSI6MzAwMDAwMDAwMDAwLCJ1cGRhdGUiOjMwMDAwMDAwMDAwMH0sInNjaGVtYV92ZXJzaW9uIjoiMSJ9",
          "dependencies": [
            "yandex_vpc_network.default",
            "yandex_vpc_subnet.default"
          ]
        }
      ]
    },
    {
      "mode": "managed",
      "type": "yandex_compute_instance",
      "name": "node06",
      "provider": "provider[\"registry.terraform.io/yandex-cloud/yandex\"]",
      "instances": [
        {
          "schema_version": 1,
          "attributes": {
            "allow_stopping_for_update": true,
            "boot_disk": [
              {
                "auto_delete": true,
                "device_name": "fhm0u75e69khhpmq6052",
                "disk_id": "fhm0u75e69khhpmq6052",
                "initialize_params": [
                  {
                    "block_size": 4096,
                    "description": "",
                    "image_id": "fd8cp9oofb7nmn29jfcp",
                    "name": "root-node06",
                    "size": 40,
                    "snapshot_id": "",
                    "type": "network-ssd"
                  }
                ],
                "mode": "READ_WRITE"
              }
            ],
            "created_at": "2022-02-24T18:32:58Z",
            "description": "",
            "folder_id": "b1gtp2cog4lf9jgalt0p",
            "fqdn": "node06.netology.yc",
            "hostname": "node06",
            "id": "fhm749vtj3d3l5780ubv",
            "labels": null,
            "metadata": {
              "ssh-keys": "centos:ssh-rsa AAAAB3NzaC1yc2EAAAADAQABAAABgQDcGllXOZh1rEQngHA1EiUDvuFlIG9JsBRwanH7ABP77mVqQanURIeYs1vC8WL0wzLlNGcAscn6+J/im33pxMZShIlnCQRNkz76q5y9GniMTvXUt501q3n4ZpaSC68SoK8FcWBkLW1VAl1Y57Ol0iRhaZA2AYH6Z1PTfCT4FiBRWuhLSWVmzYYg7ibziZGbW9W9wdBn+eoIayKIZ+TstommzLrNeiMBveF5u5EQso/jITdgIbBBU8gsj9af7Q4Mhu61NnDcmypcAGFE3DvVTMJEH9e+ArnYhSQS37h4sM0eRD7p6cjZRW7yjj4IG2w+aMbikpF/rdw+cRRlsqjmOvQKVO+yN7cQan2BRZIHhHLZKMrQO25U5xw2GX7mOJBt9EHSOAEcfiPR41ZNBi6B5IOWz2DVKL8qVC+ufNApIerdROSlP/sYqt/nWe9ch2qTmrbwS+Fvb9LfAT6D8ZCjE60b33I3DqBrbYH1ZkMlbOHmXHj7G6gjNDjdcAsveKwMgaU= dgolodnikov@DESKTOP-V4JG0DR\n"
            },
            "name": "node06",
            "network_acceleration_type": "standard",
            "network_interface": [
              {
                "dns_record": [],
                "index": 0,
                "ip_address": "192.168.101.16",
                "ipv4": true,
                "ipv6": false,
                "ipv6_address": "",
                "ipv6_dns_record": [],
                "mac_address": "d0:0d:72:27:fd:98",
                "nat": true,
                "nat_dns_record": [],
                "nat_ip_address": "62.84.115.202",
                "nat_ip_version": "IPV4",
                "security_group_ids": [],
                "subnet_id": "e9bbv6o22fcr0e697u65"
              }
            ],
            "placement_policy": [
              {
                "placement_group_id": ""
              }
            ],
            "platform_id": "standard-v1",
            "resources": [
              {
                "core_fraction": 100,
                "cores": 4,
                "gpus": 0,
                "memory": 8
              }
            ],
            "scheduling_policy": [
              {
                "preemptible": false
              }
            ],
            "secondary_disk": [],
            "service_account_id": "",
            "status": "running",
            "timeouts": null,
            "zone": "ru-central1-a"
          },
          "sensitive_attributes": [],
          "private": "eyJlMmJmYjczMC1lY2FhLTExZTYtOGY4OC0zNDM2M2JjN2M0YzAiOnsiY3JlYXRlIjozMDAwMDAwMDAwMDAsImRlbGV0ZSI6MzAwMDAwMDAwMDAwLCJ1cGRhdGUiOjMwMDAwMDAwMDAwMH0sInNjaGVtYV92ZXJzaW9uIjoiMSJ9",
          "dependencies": [
            "yandex_vpc_network.default",
            "yandex_vpc_subnet.default"
          ]
        }
      ]
    },
    {
      "mode": "managed",
      "type": "yandex_vpc_network",
      "name": "default",
      "provider": "provider[\"registry.terraform.io/yandex-cloud/yandex\"]",
      "instances": [
        {
          "schema_version": 0,
          "attributes": {
            "created_at": "2022-02-24T18:32:55Z",
            "default_security_group_id": "",
            "description": "",
            "folder_id": "b1gtp2cog4lf9jgalt0p",
            "id": "enp9565vi66p3bnmcchf",
            "labels": {},
            "name": "net",
            "subnet_ids": [],
            "timeouts": null
          },
          "sensitive_attributes": [],
          "private": "eyJlMmJmYjczMC1lY2FhLTExZTYtOGY4OC0zNDM2M2JjN2M0YzAiOnsiY3JlYXRlIjo2MDAwMDAwMDAwMCwiZGVsZXRlIjo2MDAwMDAwMDAwMCwidXBkYXRlIjo2MDAwMDAwMDAwMH19"
        }
      ]
    },
    {
      "mode": "managed",
      "type": "yandex_vpc_subnet",
      "name": "default",
      "provider": "provider[\"registry.terraform.io/yandex-cloud/yandex\"]",
      "instances": [
        {
          "schema_version": 0,
          "attributes": {
            "created_at": "2022-02-24T18:32:56Z",
            "description": "",
            "dhcp_options": [],
            "folder_id": "b1gtp2cog4lf9jgalt0p",
            "id": "e9bbv6o22fcr0e697u65",
            "labels": {},
            "name": "subnet",
            "network_id": "enp9565vi66p3bnmcchf",
            "route_table_id": "",
            "timeouts": null,
            "v4_cidr_blocks": [
              "192.168.101.0/24"
            ],
            "v6_cidr_blocks": [],
            "zone": "ru-central1-a"
          },
          "sensitive_attributes": [],
          "private": "eyJlMmJmYjczMC1lY2FhLTExZTYtOGY4OC0zNDM2M2JjN2M0YzAiOnsiY3JlYXRlIjoxODAwMDAwMDAwMDAsImRlbGV0ZSI6MTgwMDAwMDAwMDAwLCJ1cGRhdGUiOjE4MDAwMDAwMDAwMH19",
          "dependencies": [
            "yandex_vpc_network.default"
          ]
        }
      ]
    }
  ]
}
